
Microsoft Visual Studio Solution File, Format Version 12.00
# Visual Studio Version 17
VisualStudioVersion = 17.9.34728.123
MinimumVisualStudioVersion = 10.0.40219.1
Project("{C9674DCB-5085-4A16-B785-4C70DD1589BD}") = "HotelETL", "HotelETL.dtproj", "{726C3AE8-4703-4C4C-9022-87B33E896FAC}"
EndProject
Global
	GlobalSection(SolutionConfigurationPlatforms) = preSolution
		Development|Default = Development|Default
	EndGlobalSection
	GlobalSection(ProjectConfigurationPlatforms) = postSolution
		{726C3AE8-4703-4C4C-9022-87B33E896FAC}.Development|Default.ActiveCfg = Development
		{726C3AE8-4703-4C4C-9022-87B33E896FAC}.Development|Default.Build.0 = Development
	EndGlobalSection
	GlobalSection(SolutionProperties) = preSolution
		HideSolutionNode = FALSE
	EndGlobalSection
	GlobalSection(ExtensibilityGlobals) = postSolution
		SolutionGuid = {666F17C3-6324-4409-BD0E-52413DBF8689}
	EndGlobalSection
EndGlobal
